
Microsoft Visual Studio Solution File, Format Version 12.00
# Visual Studio Version 16
VisualStudioVersion = 16.0.29806.167
MinimumVisualStudioVersion = 10.0.40219.1
Project("{9A19103F-16F7-4668-BE54-9A1E7A4F7556}") = "WPSApi", "WPSApi.csproj", "{B98B5653-3584-405E-A67E-71BAC1681546}"
EndProject
Global
	GlobalSection(SolutionConfigurationPlatforms) = preSolution
		Debug|Any CPU = Debug|Any CPU
		Release|Any CPU = Release|Any CPU
	EndGlobalSection
	GlobalSection(ProjectConfigurationPlatforms) = postSolution
		{B98B5653-3584-405E-A67E-71BAC1681546}.Debug|Any CPU.ActiveCfg = Debug|Any CPU
		{B98B5653-3584-405E-A67E-71BAC1681546}.Debug|Any CPU.Build.0 = Debug|Any CPU
		{B98B5653-3584-405E-A67E-71BAC1681546}.Release|Any CPU.ActiveCfg = Release|Any CPU
		{B98B5653-3584-405E-A67E-71BAC1681546}.Release|Any CPU.Build.0 = Release|Any CPU
	EndGlobalSection
	GlobalSection(SolutionProperties) = preSolution
		HideSolutionNode = FALSE
	EndGlobalSection
	GlobalSection(ExtensibilityGlobals) = postSolution
		SolutionGuid = {E7342BD3-ADF1-4139-B6E5-23870B63516B}
	EndGlobalSection
EndGlobal
